// !$*UTF8*$!
{
	archiveVersion = 1;
	classes = {
	};
	objectVersion = 60;
	objects = {

/* Begin PBXBuildFile section */
		E12AA5152B90A44300EFD62C /* BmiData in Frameworks */ = {isa = PBXBuildFile; productRef = E12AA5142B90A44300EFD62C /* BmiData */; };
		E12AA5172B90A44300EFD62C /* BmiDomain in Frameworks */ = {isa = PBXBuildFile; productRef = E12AA5162B90A44300EFD62C /* BmiDomain */; };
		E12AA5192B90A44300EFD62C /* BmiPresentation in Frameworks */ = {isa = PBXBuildFile; productRef = E12AA5182B90A44300EFD62C /* BmiPresentation */; };
		E15242202B91F42B00AF6E3E /* ExerciseData in Frameworks */ = {isa = PBXBuildFile; productRef = E152421F2B91F42B00AF6E3E /* ExerciseData */; };
		E15242222B91F42B00AF6E3E /* ExerciseDomain in Frameworks */ = {isa = PBXBuildFile; productRef = E15242212B91F42B00AF6E3E /* ExerciseDomain */; };
		E15242242B91F42B00AF6E3E /* ExercisePresentation in Frameworks */ = {isa = PBXBuildFile; productRef = E15242232B91F42B00AF6E3E /* ExercisePresentation */; };
		E159909E2B8A279E00D54091 /* Assets.xcassets in Resources */ = {isa = PBXBuildFile; fileRef = E159909D2B8A279E00D54091 /* Assets.xcassets */; };
		E15990A12B8A279E00D54091 /* Preview Assets.xcassets in Resources */ = {isa = PBXBuildFile; fileRef = E15990A02B8A279E00D54091 /* Preview Assets.xcassets */; };
		E15990CA2B8BA00200D54091 /* WorkoutApp.swift in Sources */ = {isa = PBXBuildFile; fileRef = E15990C92B8BA00200D54091 /* WorkoutApp.swift */; };
		E1718F632B9A26BA00D061DC /* WorkoutTabViewViewModel.swift in Sources */ = {isa = PBXBuildFile; fileRef = E1718F622B9A26BA00D061DC /* WorkoutTabViewViewModel.swift */; };
		E1718F662B9A29E500D061DC /* NotificationsData in Frameworks */ = {isa = PBXBuildFile; productRef = E1718F652B9A29E500D061DC /* NotificationsData */; };
		E1718F682B9A29E500D061DC /* NotificationsDomain in Frameworks */ = {isa = PBXBuildFile; productRef = E1718F672B9A29E500D061DC /* NotificationsDomain */; };
		E1718F6B2B9A2B2200D061DC /* WorkoutTabViewViewModelTest.swift in Sources */ = {isa = PBXBuildFile; fileRef = E1718F6A2B9A2B2200D061DC /* WorkoutTabViewViewModelTest.swift */; };
		E1718F6D2B9A2BDF00D061DC /* NotificationsDomain in Frameworks */ = {isa = PBXBuildFile; productRef = E1718F6C2B9A2BDF00D061DC /* NotificationsDomain */; };
		E172C6662B9C78A1006AB50B /* BmiPresentation in Frameworks */ = {isa = PBXBuildFile; productRef = E172C6652B9C78A1006AB50B /* BmiPresentation */; };
		E172C6682B9C78A1006AB50B /* ExercisePresentation in Frameworks */ = {isa = PBXBuildFile; productRef = E172C6672B9C78A1006AB50B /* ExercisePresentation */; };
		E172C66B2B9C7944006AB50B /* ExerciseTabUITest.swift in Sources */ = {isa = PBXBuildFile; fileRef = E172C66A2B9C7944006AB50B /* ExerciseTabUITest.swift */; };
		E172C66D2B9C7959006AB50B /* BmiTabUITest.swift in Sources */ = {isa = PBXBuildFile; fileRef = E172C66C2B9C7959006AB50B /* BmiTabUITest.swift */; };
		E172C66F2B9C7972006AB50B /* HistoryTabUITest.swift in Sources */ = {isa = PBXBuildFile; fileRef = E172C66E2B9C7972006AB50B /* HistoryTabUITest.swift */; };
		E172C6752B9C8A1F006AB50B /* Networking in Resources */ = {isa = PBXBuildFile; fileRef = E12F928E2B8C85D8007F8ED8 /* Networking */; };
		E19C4C362B979EE90078A19C /* WorkoutTabView.swift in Sources */ = {isa = PBXBuildFile; fileRef = E19C4C352B979EE90078A19C /* WorkoutTabView.swift */; };
/* End PBXBuildFile section */

/* Begin PBXContainerItemProxy section */
		E15990A72B8A279F00D54091 /* PBXContainerItemProxy */ = {
			isa = PBXContainerItemProxy;
			containerPortal = E159908C2B8A279900D54091 /* Project object */;
			proxyType = 1;
			remoteGlobalIDString = E15990932B8A279900D54091;
			remoteInfo = Workout;
		};
		E15990B12B8A279F00D54091 /* PBXContainerItemProxy */ = {
			isa = PBXContainerItemProxy;
			containerPortal = E159908C2B8A279900D54091 /* Project object */;
			proxyType = 1;
			remoteGlobalIDString = E15990932B8A279900D54091;
			remoteInfo = Workout;
		};
/* End PBXContainerItemProxy section */

/* Begin PBXFileReference section */
		E12F928D2B8C85D8007F8ED8 /* BMI */ = {isa = PBXFileReference; lastKnownFileType = wrapper; path = BMI; sourceTree = "<group>"; };
		E12F928E2B8C85D8007F8ED8 /* Networking */ = {isa = PBXFileReference; lastKnownFileType = wrapper; path = Networking; sourceTree = "<group>"; };
		E12F928F2B8C85D8007F8ED8 /* Exercise */ = {isa = PBXFileReference; lastKnownFileType = wrapper; path = Exercise; sourceTree = "<group>"; };
		E12F92912B8C85D8007F8ED8 /* Notifications */ = {isa = PBXFileReference; lastKnownFileType = wrapper; path = Notifications; sourceTree = "<group>"; };
		E159909D2B8A279E00D54091 /* Assets.xcassets */ = {isa = PBXFileReference; lastKnownFileType = folder.assetcatalog; path = Assets.xcassets; sourceTree = "<group>"; };
		E15990A02B8A279E00D54091 /* Preview Assets.xcassets */ = {isa = PBXFileReference; lastKnownFileType = folder.assetcatalog; path = "Preview Assets.xcassets"; sourceTree = "<group>"; };
		E15990C92B8BA00200D54091 /* WorkoutApp.swift */ = {isa = PBXFileReference; fileEncoding = 4; lastKnownFileType = sourcecode.swift; path = WorkoutApp.swift; sourceTree = "<group>"; };
		E1718F622B9A26BA00D061DC /* WorkoutTabViewViewModel.swift */ = {isa = PBXFileReference; lastKnownFileType = sourcecode.swift; path = WorkoutTabViewViewModel.swift; sourceTree = "<group>"; };
		E1718F6A2B9A2B2200D061DC /* WorkoutTabViewViewModelTest.swift */ = {isa = PBXFileReference; lastKnownFileType = sourcecode.swift; path = WorkoutTabViewViewModelTest.swift; sourceTree = "<group>"; };
		E172C6622B9C73C5006AB50B /* Workout.app */ = {isa = PBXFileReference; explicitFileType = wrapper.application; includeInIndex = 0; name = Workout.app; path = "/Users/tharin/iOS Projects/SwiftUI/Workout/build/Debug-iphoneos/Workout.app"; sourceTree = "<absolute>"; };
		E172C6632B9C73C5006AB50B /* WorkoutTests.xctest */ = {isa = PBXFileReference; explicitFileType = wrapper.cfbundle; includeInIndex = 0; name = WorkoutTests.xctest; path = "/Users/tharin/iOS Projects/SwiftUI/Workout/build/Debug-iphoneos/WorkoutTests.xctest"; sourceTree = "<absolute>"; };
		E172C6692B9C7943006AB50B /* WorkoutUITests.xctest */ = {isa = PBXFileReference; explicitFileType = wrapper.cfbundle; includeInIndex = 0; name = WorkoutUITests.xctest; path = "/Users/tharin/iOS Projects/SwiftUI/Workout/build/Debug-iphoneos/WorkoutUITests.xctest"; sourceTree = "<absolute>"; };
		E172C66A2B9C7944006AB50B /* ExerciseTabUITest.swift */ = {isa = PBXFileReference; lastKnownFileType = sourcecode.swift; path = ExerciseTabUITest.swift; sourceTree = "<group>"; };
		E172C66C2B9C7959006AB50B /* BmiTabUITest.swift */ = {isa = PBXFileReference; lastKnownFileType = sourcecode.swift; path = BmiTabUITest.swift; sourceTree = "<group>"; };
		E172C66E2B9C7972006AB50B /* HistoryTabUITest.swift */ = {isa = PBXFileReference; lastKnownFileType = sourcecode.swift; path = HistoryTabUITest.swift; sourceTree = "<group>"; };
		E19C4C352B979EE90078A19C /* WorkoutTabView.swift */ = {isa = PBXFileReference; lastKnownFileType = sourcecode.swift; path = WorkoutTabView.swift; sourceTree = "<group>"; };
/* End PBXFileReference section */

/* Begin PBXFrameworksBuildPhase section */
		E15990912B8A279900D54091 /* Frameworks */ = {
			isa = PBXFrameworksBuildPhase;
			buildActionMask = 2147483647;
			files = (
				E15242222B91F42B00AF6E3E /* ExerciseDomain in Frameworks */,
				E12AA5192B90A44300EFD62C /* BmiPresentation in Frameworks */,
				E15242242B91F42B00AF6E3E /* ExercisePresentation in Frameworks */,
				E12AA5152B90A44300EFD62C /* BmiData in Frameworks */,
				E15242202B91F42B00AF6E3E /* ExerciseData in Frameworks */,
				E1718F682B9A29E500D061DC /* NotificationsDomain in Frameworks */,
				E1718F662B9A29E500D061DC /* NotificationsData in Frameworks */,
				E12AA5172B90A44300EFD62C /* BmiDomain in Frameworks */,
			);
			runOnlyForDeploymentPostprocessing = 0;
		};
		E15990A32B8A279F00D54091 /* Frameworks */ = {
			isa = PBXFrameworksBuildPhase;
			buildActionMask = 2147483647;
			files = (
				E1718F6D2B9A2BDF00D061DC /* NotificationsDomain in Frameworks */,
			);
			runOnlyForDeploymentPostprocessing = 0;
		};
		E15990AD2B8A279F00D54091 /* Frameworks */ = {
			isa = PBXFrameworksBuildPhase;
			buildActionMask = 2147483647;
			files = (
				E172C6682B9C78A1006AB50B /* ExercisePresentation in Frameworks */,
				E172C6662B9C78A1006AB50B /* BmiPresentation in Frameworks */,
			);
			runOnlyForDeploymentPostprocessing = 0;
		};
/* End PBXFrameworksBuildPhase section */

/* Begin PBXGroup section */
		E12F928C2B8C85D8007F8ED8 /* Packages */ = {
			isa = PBXGroup;
			children = (
				E12F928D2B8C85D8007F8ED8 /* BMI */,
				E12F928F2B8C85D8007F8ED8 /* Exercise */,
				E12F928E2B8C85D8007F8ED8 /* Networking */,
				E12F92912B8C85D8007F8ED8 /* Notifications */,
			);
			path = Packages;
			sourceTree = "<group>";
		};
		E159908B2B8A279900D54091 = {
			isa = PBXGroup;
			children = (
				E12F928C2B8C85D8007F8ED8 /* Packages */,
				E15990962B8A279900D54091 /* Workout */,
				E15990A92B8A279F00D54091 /* WorkoutTests */,
				E15990B32B8A279F00D54091 /* WorkoutUITests */,
				E1718F642B9A29E500D061DC /* Frameworks */,
			);
			sourceTree = "<group>";
		};
		E15990962B8A279900D54091 /* Workout */ = {
			isa = PBXGroup;
			children = (
				E15990C92B8BA00200D54091 /* WorkoutApp.swift */,
				E159909D2B8A279E00D54091 /* Assets.xcassets */,
				E1718F612B9A268800D061DC /* Presentation */,
				E159909F2B8A279E00D54091 /* Preview Content */,
			);
			path = Workout;
			sourceTree = "<group>";
		};
		E159909F2B8A279E00D54091 /* Preview Content */ = {
			isa = PBXGroup;
			children = (
				E15990A02B8A279E00D54091 /* Preview Assets.xcassets */,
			);
			path = "Preview Content";
			sourceTree = "<group>";
		};
		E15990A92B8A279F00D54091 /* WorkoutTests */ = {
			isa = PBXGroup;
			children = (
				E1718F6A2B9A2B2200D061DC /* WorkoutTabViewViewModelTest.swift */,
			);
			path = WorkoutTests;
			sourceTree = "<group>";
		};
		E15990B32B8A279F00D54091 /* WorkoutUITests */ = {
			isa = PBXGroup;
			children = (
				E172C6702B9C809C006AB50B /* Tests */,
			);
			path = WorkoutUITests;
			sourceTree = "<group>";
		};
		E1718F612B9A268800D061DC /* Presentation */ = {
			isa = PBXGroup;
			children = (
				E19C4C352B979EE90078A19C /* WorkoutTabView.swift */,
				E1718F622B9A26BA00D061DC /* WorkoutTabViewViewModel.swift */,
			);
			path = Presentation;
			sourceTree = "<group>";
		};
		E1718F642B9A29E500D061DC /* Frameworks */ = {
			isa = PBXGroup;
			children = (
			);
			name = Frameworks;
			sourceTree = "<group>";
		};
		E172C6702B9C809C006AB50B /* Tests */ = {
			isa = PBXGroup;
			children = (
				E172C66A2B9C7944006AB50B /* ExerciseTabUITest.swift */,
				E172C66C2B9C7959006AB50B /* BmiTabUITest.swift */,
				E172C66E2B9C7972006AB50B /* HistoryTabUITest.swift */,
			);
			path = Tests;
			sourceTree = "<group>";
		};
/* End PBXGroup section */

/* Begin PBXNativeTarget section */
		E15990932B8A279900D54091 /* Workout */ = {
			isa = PBXNativeTarget;
			buildConfigurationList = E15990BA2B8A279F00D54091 /* Build configuration list for PBXNativeTarget "Workout" */;
			buildPhases = (
				E15990902B8A279900D54091 /* Sources */,
				E15990912B8A279900D54091 /* Frameworks */,
				E15990922B8A279900D54091 /* Resources */,
			);
			buildRules = (
			);
			dependencies = (
			);
			name = Workout;
			packageProductDependencies = (
				E12AA5142B90A44300EFD62C /* BmiData */,
				E12AA5162B90A44300EFD62C /* BmiDomain */,
				E12AA5182B90A44300EFD62C /* BmiPresentation */,
				E152421F2B91F42B00AF6E3E /* ExerciseData */,
				E15242212B91F42B00AF6E3E /* ExerciseDomain */,
				E15242232B91F42B00AF6E3E /* ExercisePresentation */,
				E1718F652B9A29E500D061DC /* NotificationsData */,
				E1718F672B9A29E500D061DC /* NotificationsDomain */,
			);
			productName = Workout;
			productReference = E172C6622B9C73C5006AB50B /* Workout.app */;
			productType = "com.apple.product-type.application";
		};
		E15990A52B8A279F00D54091 /* WorkoutTests */ = {
			isa = PBXNativeTarget;
			buildConfigurationList = E15990BD2B8A279F00D54091 /* Build configuration list for PBXNativeTarget "WorkoutTests" */;
			buildPhases = (
				E15990A22B8A279F00D54091 /* Sources */,
				E15990A32B8A279F00D54091 /* Frameworks */,
				E15990A42B8A279F00D54091 /* Resources */,
			);
			buildRules = (
			);
			dependencies = (
				E15990A82B8A279F00D54091 /* PBXTargetDependency */,
			);
			name = WorkoutTests;
			packageProductDependencies = (
				E1718F6C2B9A2BDF00D061DC /* NotificationsDomain */,
			);
			productName = WorkoutTests;
			productReference = E172C6632B9C73C5006AB50B /* WorkoutTests.xctest */;
			productType = "com.apple.product-type.bundle.unit-test";
		};
		E15990AF2B8A279F00D54091 /* WorkoutUITests */ = {
			isa = PBXNativeTarget;
			buildConfigurationList = E15990C02B8A279F00D54091 /* Build configuration list for PBXNativeTarget "WorkoutUITests" */;
			buildPhases = (
				E15990AC2B8A279F00D54091 /* Sources */,
				E15990AD2B8A279F00D54091 /* Frameworks */,
				E15990AE2B8A279F00D54091 /* Resources */,
			);
			buildRules = (
			);
			dependencies = (
				E15990B22B8A279F00D54091 /* PBXTargetDependency */,
			);
			name = WorkoutUITests;
			packageProductDependencies = (
				E172C6652B9C78A1006AB50B /* BmiPresentation */,
				E172C6672B9C78A1006AB50B /* ExercisePresentation */,
			);
			productName = WorkoutUITests;
			productReference = E172C6692B9C7943006AB50B /* WorkoutUITests.xctest */;
			productType = "com.apple.product-type.bundle.ui-testing";
		};
/* End PBXNativeTarget section */

/* Begin PBXProject section */
		E159908C2B8A279900D54091 /* Project object */ = {
			isa = PBXProject;
			attributes = {
				BuildIndependentTargetsInParallel = 1;
				LastSwiftUpdateCheck = 1520;
				LastUpgradeCheck = 1520;
				TargetAttributes = {
					E15990932B8A279900D54091 = {
						CreatedOnToolsVersion = 15.2;
					};
					E15990A52B8A279F00D54091 = {
						CreatedOnToolsVersion = 15.2;
						LastSwiftMigration = 1520;
						TestTargetID = E15990932B8A279900D54091;
					};
					E15990AF2B8A279F00D54091 = {
						CreatedOnToolsVersion = 15.2;
						LastSwiftMigration = 1520;
						TestTargetID = E15990932B8A279900D54091;
					};
				};
			};
			buildConfigurationList = E159908F2B8A279900D54091 /* Build configuration list for PBXProject "Workout" */;
			compatibilityVersion = "Xcode 14.0";
			developmentRegion = en;
			hasScannedForEncodings = 0;
			knownRegions = (
				en,
				Base,
			);
			mainGroup = E159908B2B8A279900D54091;
			packageReferences = (
				E12AA5132B90A44300EFD62C /* XCLocalSwiftPackageReference "Packages/BMI" */,
				E152421E2B91F42B00AF6E3E /* XCLocalSwiftPackageReference "Packages/Exercise" */,
				E1718F602B9A25FC00D061DC /* XCLocalSwiftPackageReference "Packages/Notifications" */,
			);
			productRefGroup = E159908B2B8A279900D54091;
			projectDirPath = "";
			projectRoot = "";
			targets = (
				E15990932B8A279900D54091 /* Workout */,
				E15990A52B8A279F00D54091 /* WorkoutTests */,
				E15990AF2B8A279F00D54091 /* WorkoutUITests */,
			);
		};
/* End PBXProject section */

/* Begin PBXResourcesBuildPhase section */
		E15990922B8A279900D54091 /* Resources */ = {
			isa = PBXResourcesBuildPhase;
			buildActionMask = 2147483647;
			files = (
				E172C6752B9C8A1F006AB50B /* Networking in Resources */,
				E15990A12B8A279E00D54091 /* Preview Assets.xcassets in Resources */,
				E159909E2B8A279E00D54091 /* Assets.xcassets in Resources */,
			);
			runOnlyForDeploymentPostprocessing = 0;
		};
		E15990A42B8A279F00D54091 /* Resources */ = {
			isa = PBXResourcesBuildPhase;
			buildActionMask = 2147483647;
			files = (
			);
			runOnlyForDeploymentPostprocessing = 0;
		};
		E15990AE2B8A279F00D54091 /* Resources */ = {
			isa = PBXResourcesBuildPhase;
			buildActionMask = 2147483647;
			files = (
			);
			runOnlyForDeploymentPostprocessing = 0;
		};
/* End PBXResourcesBuildPhase section */

/* Begin PBXSourcesBuildPhase section */
		E15990902B8A279900D54091 /* Sources */ = {
			isa = PBXSourcesBuildPhase;
			buildActionMask = 2147483647;
			files = (
				E1718F632B9A26BA00D061DC /* WorkoutTabViewViewModel.swift in Sources */,
				E19C4C362B979EE90078A19C /* WorkoutTabView.swift in Sources */,
				E15990CA2B8BA00200D54091 /* WorkoutApp.swift in Sources */,
			);
			runOnlyForDeploymentPostprocessing = 0;
		};
		E15990A22B8A279F00D54091 /* Sources */ = {
			isa = PBXSourcesBuildPhase;
			buildActionMask = 2147483647;
			files = (
				E1718F6B2B9A2B2200D061DC /* WorkoutTabViewViewModelTest.swift in Sources */,
			);
			runOnlyForDeploymentPostprocessing = 0;
		};
		E15990AC2B8A279F00D54091 /* Sources */ = {
			isa = PBXSourcesBuildPhase;
			buildActionMask = 2147483647;
			files = (
				E172C66D2B9C7959006AB50B /* BmiTabUITest.swift in Sources */,
				E172C66F2B9C7972006AB50B /* HistoryTabUITest.swift in Sources */,
				E172C66B2B9C7944006AB50B /* ExerciseTabUITest.swift in Sources */,
			);
			runOnlyForDeploymentPostprocessing = 0;
		};
/* End PBXSourcesBuildPhase section */

/* Begin PBXTargetDependency section */
		E15990A82B8A279F00D54091 /* PBXTargetDependency */ = {
			isa = PBXTargetDependency;
			target = E15990932B8A279900D54091 /* Workout */;
			targetProxy = E15990A72B8A279F00D54091 /* PBXContainerItemProxy */;
		};
		E15990B22B8A279F00D54091 /* PBXTargetDependency */ = {
			isa = PBXTargetDependency;
			target = E15990932B8A279900D54091 /* Workout */;
			targetProxy = E15990B12B8A279F00D54091 /* PBXContainerItemProxy */;
		};
/* End PBXTargetDependency section */

/* Begin XCBuildConfiguration section */
		E15990B82B8A279F00D54091 /* Debug */ = {
			isa = XCBuildConfiguration;
			buildSettings = {
				ALWAYS_SEARCH_USER_PATHS = NO;
				ASSETCATALOG_COMPILER_GENERATE_SWIFT_ASSET_SYMBOL_EXTENSIONS = YES;
				CLANG_ANALYZER_NONNULL = YES;
				CLANG_ANALYZER_NUMBER_OBJECT_CONVERSION = YES_AGGRESSIVE;
				CLANG_CXX_LANGUAGE_STANDARD = "gnu++20";
				CLANG_ENABLE_MODULES = YES;
				CLANG_ENABLE_OBJC_ARC = YES;
				CLANG_ENABLE_OBJC_WEAK = YES;
				CLANG_WARN_BLOCK_CAPTURE_AUTORELEASING = YES;
				CLANG_WARN_BOOL_CONVERSION = YES;
				CLANG_WARN_COMMA = YES;
				CLANG_WARN_CONSTANT_CONVERSION = YES;
				CLANG_WARN_DEPRECATED_OBJC_IMPLEMENTATIONS = YES;
				CLANG_WARN_DIRECT_OBJC_ISA_USAGE = YES_ERROR;
				CLANG_WARN_DOCUMENTATION_COMMENTS = YES;
				CLANG_WARN_EMPTY_BODY = YES;
				CLANG_WARN_ENUM_CONVERSION = YES;
				CLANG_WARN_INFINITE_RECURSION = YES;
				CLANG_WARN_INT_CONVERSION = YES;
				CLANG_WARN_NON_LITERAL_NULL_CONVERSION = YES;
				CLANG_WARN_OBJC_IMPLICIT_RETAIN_SELF = YES;
				CLANG_WARN_OBJC_LITERAL_CONVERSION = YES;
				CLANG_WARN_OBJC_ROOT_CLASS = YES_ERROR;
				CLANG_WARN_QUOTED_INCLUDE_IN_FRAMEWORK_HEADER = YES;
				CLANG_WARN_RANGE_LOOP_ANALYSIS = YES;
				CLANG_WARN_STRICT_PROTOTYPES = YES;
				CLANG_WARN_SUSPICIOUS_MOVE = YES;
				CLANG_WARN_UNGUARDED_AVAILABILITY = YES_AGGRESSIVE;
				CLANG_WARN_UNREACHABLE_CODE = YES;
				CLANG_WARN__DUPLICATE_METHOD_MATCH = YES;
				COPY_PHASE_STRIP = NO;
				DEBUG_INFORMATION_FORMAT = dwarf;
				ENABLE_STRICT_OBJC_MSGSEND = YES;
				ENABLE_TESTABILITY = YES;
				ENABLE_USER_SCRIPT_SANDBOXING = YES;
				GCC_C_LANGUAGE_STANDARD = gnu17;
				GCC_DYNAMIC_NO_PIC = NO;
				GCC_NO_COMMON_BLOCKS = YES;
				GCC_OPTIMIZATION_LEVEL = 0;
				GCC_PREPROCESSOR_DEFINITIONS = (
					"DEBUG=1",
					"$(inherited)",
				);
				GCC_WARN_64_TO_32_BIT_CONVERSION = YES;
				GCC_WARN_ABOUT_RETURN_TYPE = YES_ERROR;
				GCC_WARN_UNDECLARED_SELECTOR = YES;
				GCC_WARN_UNINITIALIZED_AUTOS = YES_AGGRESSIVE;
				GCC_WARN_UNUSED_FUNCTION = YES;
				GCC_WARN_UNUSED_VARIABLE = YES;
				IPHONEOS_DEPLOYMENT_TARGET = 17.0;
				LOCALIZATION_PREFERS_STRING_CATALOGS = YES;
				MTL_ENABLE_DEBUG_INFO = INCLUDE_SOURCE;
				MTL_FAST_MATH = YES;
				ONLY_ACTIVE_ARCH = YES;
				SDKROOT = iphoneos;
				SWIFT_ACTIVE_COMPILATION_CONDITIONS = "DEBUG $(inherited)";
				SWIFT_OPTIMIZATION_LEVEL = "-Onone";
			};
			name = Debug;
		};
		E15990B92B8A279F00D54091 /* Release */ = {
			isa = XCBuildConfiguration;
			buildSettings = {
				ALWAYS_SEARCH_USER_PATHS = NO;
				ASSETCATALOG_COMPILER_GENERATE_SWIFT_ASSET_SYMBOL_EXTENSIONS = YES;
				CLANG_ANALYZER_NONNULL = YES;
				CLANG_ANALYZER_NUMBER_OBJECT_CONVERSION = YES_AGGRESSIVE;
				CLANG_CXX_LANGUAGE_STANDARD = "gnu++20";
				CLANG_ENABLE_MODULES = YES;
				CLANG_ENABLE_OBJC_ARC = YES;
				CLANG_ENABLE_OBJC_WEAK = YES;
				CLANG_WARN_BLOCK_CAPTURE_AUTORELEASING = YES;
				CLANG_WARN_BOOL_CONVERSION = YES;
				CLANG_WARN_COMMA = YES;
				CLANG_WARN_CONSTANT_CONVERSION = YES;
				CLANG_WARN_DEPRECATED_OBJC_IMPLEMENTATIONS = YES;
				CLANG_WARN_DIRECT_OBJC_ISA_USAGE = YES_ERROR;
				CLANG_WARN_DOCUMENTATION_COMMENTS = YES;
				CLANG_WARN_EMPTY_BODY = YES;
				CLANG_WARN_ENUM_CONVERSION = YES;
				CLANG_WARN_INFINITE_RECURSION = YES;
				CLANG_WARN_INT_CONVERSION = YES;
				CLANG_WARN_NON_LITERAL_NULL_CONVERSION = YES;
				CLANG_WARN_OBJC_IMPLICIT_RETAIN_SELF = YES;
				CLANG_WARN_OBJC_LITERAL_CONVERSION = YES;
				CLANG_WARN_OBJC_ROOT_CLASS = YES_ERROR;
				CLANG_WARN_QUOTED_INCLUDE_IN_FRAMEWORK_HEADER = YES;
				CLANG_WARN_RANGE_LOOP_ANALYSIS = YES;
				CLANG_WARN_STRICT_PROTOTYPES = YES;
				CLANG_WARN_SUSPICIOUS_MOVE = YES;
				CLANG_WARN_UNGUARDED_AVAILABILITY = YES_AGGRESSIVE;
				CLANG_WARN_UNREACHABLE_CODE = YES;
				CLANG_WARN__DUPLICATE_METHOD_MATCH = YES;
				COPY_PHASE_STRIP = NO;
				DEBUG_INFORMATION_FORMAT = "dwarf-with-dsym";
				ENABLE_NS_ASSERTIONS = NO;
				ENABLE_STRICT_OBJC_MSGSEND = YES;
				ENABLE_USER_SCRIPT_SANDBOXING = YES;
				GCC_C_LANGUAGE_STANDARD = gnu17;
				GCC_NO_COMMON_BLOCKS = YES;
				GCC_WARN_64_TO_32_BIT_CONVERSION = YES;
				GCC_WARN_ABOUT_RETURN_TYPE = YES_ERROR;
				GCC_WARN_UNDECLARED_SELECTOR = YES;
				GCC_WARN_UNINITIALIZED_AUTOS = YES_AGGRESSIVE;
				GCC_WARN_UNUSED_FUNCTION = YES;
				GCC_WARN_UNUSED_VARIABLE = YES;
				IPHONEOS_DEPLOYMENT_TARGET = 17.0;
				LOCALIZATION_PREFERS_STRING_CATALOGS = YES;
				MTL_ENABLE_DEBUG_INFO = NO;
				MTL_FAST_MATH = YES;
				SDKROOT = iphoneos;
				SWIFT_COMPILATION_MODE = wholemodule;
				VALIDATE_PRODUCT = YES;
			};
			name = Release;
		};
		E15990BB2B8A279F00D54091 /* Debug */ = {
			isa = XCBuildConfiguration;
			buildSettings = {
				ASSETCATALOG_COMPILER_APPICON_NAME = AppIcon;
				ASSETCATALOG_COMPILER_GLOBAL_ACCENT_COLOR_NAME = AccentColor;
				CODE_SIGN_STYLE = Automatic;
				CURRENT_PROJECT_VERSION = 1;
				DEVELOPMENT_ASSET_PATHS = "\"Workout/Preview Content\"";
				DEVELOPMENT_TEAM = 5MW8948NCL;
				ENABLE_PREVIEWS = YES;
				GENERATE_INFOPLIST_FILE = YES;
				INFOPLIST_KEY_UIApplicationSceneManifest_Generation = YES;
				INFOPLIST_KEY_UIApplicationSupportsIndirectInputEvents = YES;
				INFOPLIST_KEY_UILaunchScreen_Generation = YES;
				INFOPLIST_KEY_UISupportedInterfaceOrientations_iPad = "UIInterfaceOrientationPortrait UIInterfaceOrientationPortraitUpsideDown UIInterfaceOrientationLandscapeLeft UIInterfaceOrientationLandscapeRight";
				INFOPLIST_KEY_UISupportedInterfaceOrientations_iPhone = "UIInterfaceOrientationPortrait UIInterfaceOrientationLandscapeLeft UIInterfaceOrientationLandscapeRight";
				LD_RUNPATH_SEARCH_PATHS = (
					"$(inherited)",
					"@executable_path/Frameworks",
				);
				MARKETING_VERSION = 1.0;
				PRODUCT_BUNDLE_IDENTIFIER = com.tharin.Workout;
				PRODUCT_NAME = "$(TARGET_NAME)";
				SWIFT_EMIT_LOC_STRINGS = YES;
				SWIFT_VERSION = 5.0;
				TARGETED_DEVICE_FAMILY = "1,2";
			};
			name = Debug;
		};
		E15990BC2B8A279F00D54091 /* Release */ = {
			isa = XCBuildConfiguration;
			buildSettings = {
				ASSETCATALOG_COMPILER_APPICON_NAME = AppIcon;
				ASSETCATALOG_COMPILER_GLOBAL_ACCENT_COLOR_NAME = AccentColor;
				CODE_SIGN_STYLE = Automatic;
				CURRENT_PROJECT_VERSION = 1;
				DEVELOPMENT_ASSET_PATHS = "\"Workout/Preview Content\"";
				DEVELOPMENT_TEAM = 5MW8948NCL;
				ENABLE_PREVIEWS = YES;
				GENERATE_INFOPLIST_FILE = YES;
				INFOPLIST_KEY_UIApplicationSceneManifest_Generation = YES;
				INFOPLIST_KEY_UIApplicationSupportsIndirectInputEvents = YES;
				INFOPLIST_KEY_UILaunchScreen_Generation = YES;
				INFOPLIST_KEY_UISupportedInterfaceOrientations_iPad = "UIInterfaceOrientationPortrait UIInterfaceOrientationPortraitUpsideDown UIInterfaceOrientationLandscapeLeft UIInterfaceOrientationLandscapeRight";
				INFOPLIST_KEY_UISupportedInterfaceOrientations_iPhone = "UIInterfaceOrientationPortrait UIInterfaceOrientationLandscapeLeft UIInterfaceOrientationLandscapeRight";
				LD_RUNPATH_SEARCH_PATHS = (
					"$(inherited)",
					"@executable_path/Frameworks",
				);
				MARKETING_VERSION = 1.0;
				PRODUCT_BUNDLE_IDENTIFIER = com.tharin.Workout;
				PRODUCT_NAME = "$(TARGET_NAME)";
				SWIFT_EMIT_LOC_STRINGS = YES;
				SWIFT_VERSION = 5.0;
				TARGETED_DEVICE_FAMILY = "1,2";
			};
			name = Release;
		};
		E15990BE2B8A279F00D54091 /* Debug */ = {
			isa = XCBuildConfiguration;
			buildSettings = {
				ALWAYS_EMBED_SWIFT_STANDARD_LIBRARIES = YES;
				BUNDLE_LOADER = "$(TEST_HOST)";
				CLANG_ENABLE_MODULES = YES;
				CODE_SIGN_STYLE = Automatic;
				CURRENT_PROJECT_VERSION = 1;
				DEVELOPMENT_TEAM = 5MW8948NCL;
				GENERATE_INFOPLIST_FILE = YES;
				IPHONEOS_DEPLOYMENT_TARGET = 17.2;
				MARKETING_VERSION = 1.0;
				PRODUCT_BUNDLE_IDENTIFIER = com.tharin.WorkoutTests;
				PRODUCT_NAME = "$(TARGET_NAME)";
				SWIFT_EMIT_LOC_STRINGS = NO;
				SWIFT_OPTIMIZATION_LEVEL = "-Onone";
				SWIFT_VERSION = 5.0;
				TARGETED_DEVICE_FAMILY = "1,2";
				TEST_HOST = "$(BUILT_PRODUCTS_DIR)/Workout.app/$(BUNDLE_EXECUTABLE_FOLDER_PATH)/Workout";
			};
			name = Debug;
		};
		E15990BF2B8A279F00D54091 /* Release */ = {
			isa = XCBuildConfiguration;
			buildSettings = {
				ALWAYS_EMBED_SWIFT_STANDARD_LIBRARIES = YES;
				BUNDLE_LOADER = "$(TEST_HOST)";
				CLANG_ENABLE_MODULES = YES;
				CODE_SIGN_STYLE = Automatic;
				CURRENT_PROJECT_VERSION = 1;
				DEVELOPMENT_TEAM = 5MW8948NCL;
				GENERATE_INFOPLIST_FILE = YES;
				IPHONEOS_DEPLOYMENT_TARGET = 17.2;
				MARKETING_VERSION = 1.0;
				PRODUCT_BUNDLE_IDENTIFIER = com.tharin.WorkoutTests;
				PRODUCT_NAME = "$(TARGET_NAME)";
				SWIFT_EMIT_LOC_STRINGS = NO;
				SWIFT_VERSION = 5.0;
				TARGETED_DEVICE_FAMILY = "1,2";
				TEST_HOST = "$(BUILT_PRODUCTS_DIR)/Workout.app/$(BUNDLE_EXECUTABLE_FOLDER_PATH)/Workout";
			};
			name = Release;
		};
		E15990C12B8A279F00D54091 /* Debug */ = {
			isa = XCBuildConfiguration;
			buildSettings = {
				ALWAYS_EMBED_SWIFT_STANDARD_LIBRARIES = YES;
				CLANG_ENABLE_MODULES = YES;
				CODE_SIGN_STYLE = Automatic;
				CURRENT_PROJECT_VERSION = 1;
				DEVELOPMENT_TEAM = 5MW8948NCL;
				GENERATE_INFOPLIST_FILE = YES;
				MARKETING_VERSION = 1.0;
				PRODUCT_BUNDLE_IDENTIFIER = com.tharin.WorkoutUITests;
				PRODUCT_NAME = "$(TARGET_NAME)";
				SWIFT_EMIT_LOC_STRINGS = NO;
				SWIFT_OPTIMIZATION_LEVEL = "-Onone";
				SWIFT_VERSION = 5.0;
				TARGETED_DEVICE_FAMILY = "1,2";
				TEST_TARGET_NAME = Workout;
			};
			name = Debug;
		};
		E15990C22B8A279F00D54091 /* Release */ = {
			isa = XCBuildConfiguration;
			buildSettings = {
				ALWAYS_EMBED_SWIFT_STANDARD_LIBRARIES = YES;
				CLANG_ENABLE_MODULES = YES;
				CODE_SIGN_STYLE = Automatic;
				CURRENT_PROJECT_VERSION = 1;
				DEVELOPMENT_TEAM = 5MW8948NCL;
				GENERATE_INFOPLIST_FILE = YES;
				MARKETING_VERSION = 1.0;
				PRODUCT_BUNDLE_IDENTIFIER = com.tharin.WorkoutUITests;
				PRODUCT_NAME = "$(TARGET_NAME)";
				SWIFT_EMIT_LOC_STRINGS = NO;
				SWIFT_VERSION = 5.0;
				TARGETED_DEVICE_FAMILY = "1,2";
				TEST_TARGET_NAME = Workout;
			};
			name = Release;
		};
/* End XCBuildConfiguration section */

/* Begin XCConfigurationList section */
		E159908F2B8A279900D54091 /* Build configuration list for PBXProject "Workout" */ = {
			isa = XCConfigurationList;
			buildConfigurations = (
				E15990B82B8A279F00D54091 /* Debug */,
				E15990B92B8A279F00D54091 /* Release */,
			);
			defaultConfigurationIsVisible = 0;
			defaultConfigurationName = Release;
		};
		E15990BA2B8A279F00D54091 /* Build configuration list for PBXNativeTarget "Workout" */ = {
			isa = XCConfigurationList;
			buildConfigurations = (
				E15990BB2B8A279F00D54091 /* Debug */,
				E15990BC2B8A279F00D54091 /* Release */,
			);
			defaultConfigurationIsVisible = 0;
			defaultConfigurationName = Release;
		};
		E15990BD2B8A279F00D54091 /* Build configuration list for PBXNativeTarget "WorkoutTests" */ = {
			isa = XCConfigurationList;
			buildConfigurations = (
				E15990BE2B8A279F00D54091 /* Debug */,
				E15990BF2B8A279F00D54091 /* Release */,
			);
			defaultConfigurationIsVisible = 0;
			defaultConfigurationName = Release;
		};
		E15990C02B8A279F00D54091 /* Build configuration list for PBXNativeTarget "WorkoutUITests" */ = {
			isa = XCConfigurationList;
			buildConfigurations = (
				E15990C12B8A279F00D54091 /* Debug */,
				E15990C22B8A279F00D54091 /* Release */,
			);
			defaultConfigurationIsVisible = 0;
			defaultConfigurationName = Release;
		};
/* End XCConfigurationList section */

/* Begin XCLocalSwiftPackageReference section */
		E12AA5132B90A44300EFD62C /* XCLocalSwiftPackageReference "Packages/BMI" */ = {
			isa = XCLocalSwiftPackageReference;
			relativePath = Packages/BMI;
		};
		E152421E2B91F42B00AF6E3E /* XCLocalSwiftPackageReference "Packages/Exercise" */ = {
			isa = XCLocalSwiftPackageReference;
			relativePath = Packages/Exercise;
		};
		E1718F602B9A25FC00D061DC /* XCLocalSwiftPackageReference "Packages/Notifications" */ = {
			isa = XCLocalSwiftPackageReference;
			relativePath = Packages/Notifications;
		};
/* End XCLocalSwiftPackageReference section */

/* Begin XCSwiftPackageProductDependency section */
		E12AA5142B90A44300EFD62C /* BmiData */ = {
			isa = XCSwiftPackageProductDependency;
			productName = BmiData;
		};
		E12AA5162B90A44300EFD62C /* BmiDomain */ = {
			isa = XCSwiftPackageProductDependency;
			productName = BmiDomain;
		};
		E12AA5182B90A44300EFD62C /* BmiPresentation */ = {
			isa = XCSwiftPackageProductDependency;
			productName = BmiPresentation;
		};
		E152421F2B91F42B00AF6E3E /* ExerciseData */ = {
			isa = XCSwiftPackageProductDependency;
			productName = ExerciseData;
		};
		E15242212B91F42B00AF6E3E /* ExerciseDomain */ = {
			isa = XCSwiftPackageProductDependency;
			productName = ExerciseDomain;
		};
		E15242232B91F42B00AF6E3E /* ExercisePresentation */ = {
			isa = XCSwiftPackageProductDependency;
			productName = ExercisePresentation;
		};
		E1718F652B9A29E500D061DC /* NotificationsData */ = {
			isa = XCSwiftPackageProductDependency;
			productName = NotificationsData;
		};
		E1718F672B9A29E500D061DC /* NotificationsDomain */ = {
			isa = XCSwiftPackageProductDependency;
			productName = NotificationsDomain;
		};
		E1718F6C2B9A2BDF00D061DC /* NotificationsDomain */ = {
			isa = XCSwiftPackageProductDependency;
			productName = NotificationsDomain;
		};
		E172C6652B9C78A1006AB50B /* BmiPresentation */ = {
			isa = XCSwiftPackageProductDependency;
			productName = BmiPresentation;
		};
		E172C6672B9C78A1006AB50B /* ExercisePresentation */ = {
			isa = XCSwiftPackageProductDependency;
			productName = ExercisePresentation;
		};
/* End XCSwiftPackageProductDependency section */
	};
	rootObject = E159908C2B8A279900D54091 /* Project object */;
}
